
Microsoft Visual Studio Solution File, Format Version 12.00
# Visual Studio Version 17
VisualStudioVersion = 17.0.32112.339
MinimumVisualStudioVersion = 10.0.40219.1
Project("{FAE04EC0-301F-11D3-BF4B-00C04F79EFBC}") = "ConsoleApp6", "ConsoleApp6\ConsoleApp6.csproj", "{FE23F219-A57C-489B-941F-6C8DEC78945F}"
EndProject
Global
	GlobalSection(SolutionConfigurationPlatforms) = preSolution
		Debug|Any CPU = Debug|Any CPU
		Release|Any CPU = Release|Any CPU
	EndGlobalSection
	GlobalSection(ProjectConfigurationPlatforms) = postSolution
		{FE23F219-A57C-489B-941F-6C8DEC78945F}.Debug|Any CPU.ActiveCfg = Debug|Any CPU
		{FE23F219-A57C-489B-941F-6C8DEC78945F}.Debug|Any CPU.Build.0 = Debug|Any CPU
		{FE23F219-A57C-489B-941F-6C8DEC78945F}.Release|Any CPU.ActiveCfg = Release|Any CPU
		{FE23F219-A57C-489B-941F-6C8DEC78945F}.Release|Any CPU.Build.0 = Release|Any CPU
	EndGlobalSection
	GlobalSection(SolutionProperties) = preSolution
		HideSolutionNode = FALSE
	EndGlobalSection
	GlobalSection(ExtensibilityGlobals) = postSolution
		SolutionGuid = {85F11043-71D0-4437-B7DE-85B49DB4A043}
	EndGlobalSection
EndGlobal
